
Microsoft Visual Studio Solution File, Format Version 12.00
# Visual Studio Version 17
VisualStudioVersion = 17.5.002.0
MinimumVisualStudioVersion = 10.0.40219.1
Project("{9A19103F-16F7-4668-BE54-9A1E7A4F7556}") = "SomaMedia", "SomaMedia.csproj", "{03A87EDD-7A6A-49CC-9A07-DC371DE19403}"
EndProject
Global
	GlobalSection(SolutionConfigurationPlatforms) = preSolution
		Debug|Any CPU = Debug|Any CPU
		Release|Any CPU = Release|Any CPU
	EndGlobalSection
	GlobalSection(ProjectConfigurationPlatforms) = postSolution
		{03A87EDD-7A6A-49CC-9A07-DC371DE19403}.Debug|Any CPU.ActiveCfg = Debug|Any CPU
		{03A87EDD-7A6A-49CC-9A07-DC371DE19403}.Debug|Any CPU.Build.0 = Debug|Any CPU
		{03A87EDD-7A6A-49CC-9A07-DC371DE19403}.Release|Any CPU.ActiveCfg = Release|Any CPU
		{03A87EDD-7A6A-49CC-9A07-DC371DE19403}.Release|Any CPU.Build.0 = Release|Any CPU
	EndGlobalSection
	GlobalSection(SolutionProperties) = preSolution
		HideSolutionNode = FALSE
	EndGlobalSection
	GlobalSection(ExtensibilityGlobals) = postSolution
		SolutionGuid = {DFF99F79-2E1E-4E1F-AA98-C85317F1A056}
	EndGlobalSection
EndGlobal
